// !$*UTF8*$!
{
	archiveVersion = 1;
	classes = {
	};
	objectVersion = 56;
	objects = {

/* Begin PBXBuildFile section */
		A1000001 /* LanMountApp.swift in Sources */ = {isa = PBXBuildFile; fileRef = A2000001 /* LanMountApp.swift */; };
		A1000002 /* ContentView.swift in Sources */ = {isa = PBXBuildFile; fileRef = A2000002 /* ContentView.swift */; };
		A1000003 /* Assets.xcassets in Resources */ = {isa = PBXBuildFile; fileRef = A2000003 /* Assets.xcassets */; };
		A1000004 /* Models.swift in Sources */ = {isa = PBXBuildFile; fileRef = A2000004 /* Models.swift */; };
		A1000005 /* SMBMounterError.swift in Sources */ = {isa = PBXBuildFile; fileRef = A2000005 /* SMBMounterError.swift */; };
		A1000006 /* CredentialManager.swift in Sources */ = {isa = PBXBuildFile; fileRef = A2000007 /* CredentialManager.swift */; };
		A1000008 /* ConfigurationStore.swift in Sources */ = {isa = PBXBuildFile; fileRef = A2000008 /* ConfigurationStore.swift */; };
		A1000009 /* NetFSAdapter.swift in Sources */ = {isa = PBXBuildFile; fileRef = A2000009 /* NetFSAdapter.swift */; };
		A1000010 /* MountManager.swift in Sources */ = {isa = PBXBuildFile; fileRef = A2000011 /* MountManager.swift */; };
		A1000011 /* NetworkScanner.swift in Sources */ = {isa = PBXBuildFile; fileRef = A2000012 /* NetworkScanner.swift */; };
		A1000012 /* VolumeMonitor.swift in Sources */ = {isa = PBXBuildFile; fileRef = A2000013 /* VolumeMonitor.swift */; };
		A1000013 /* LaunchAgentManager.swift in Sources */ = {isa = PBXBuildFile; fileRef = A2000014 /* LaunchAgentManager.swift */; };
		A1000014 /* SyncEngine.swift in Sources */ = {isa = PBXBuildFile; fileRef = A2000015 /* SyncEngine.swift */; };
		A1000015 /* Logger.swift in Sources */ = {isa = PBXBuildFile; fileRef = A2000016 /* Logger.swift */; };
		A1000016 /* MenuBarController.swift in Sources */ = {isa = PBXBuildFile; fileRef = A2000017 /* MenuBarController.swift */; };
		A1000017 /* MountConfigView.swift in Sources */ = {isa = PBXBuildFile; fileRef = A2000018 /* MountConfigView.swift */; };
		A1000018 /* NetworkScannerView.swift in Sources */ = {isa = PBXBuildFile; fileRef = A2000019 /* NetworkScannerView.swift */; };
		A1000019 /* PreferencesView.swift in Sources */ = {isa = PBXBuildFile; fileRef = A2000020 /* PreferencesView.swift */; };
		A1000020 /* AppCoordinator.swift in Sources */ = {isa = PBXBuildFile; fileRef = A2000021 /* AppCoordinator.swift */; };
		A1000021 /* ErrorHandler.swift in Sources */ = {isa = PBXBuildFile; fileRef = A2000022 /* ErrorHandler.swift */; };
		A1000022 /* FinderIntegration.swift in Sources */ = {isa = PBXBuildFile; fileRef = A2000023 /* FinderIntegration.swift */; };
		A1000023 /* NotificationManager.swift in Sources */ = {isa = PBXBuildFile; fileRef = A2000024 /* NotificationManager.swift */; };
		A1000024 /* CacheManager.swift in Sources */ = {isa = PBXBuildFile; fileRef = A2000025 /* CacheManager.swift */; };
		A1000025 /* LocalizationHelper.swift in Sources */ = {isa = PBXBuildFile; fileRef = A2000026 /* LocalizationHelper.swift */; };
		A1000026 /* Localizable.strings in Resources */ = {isa = PBXBuildFile; fileRef = A2000027 /* Localizable.strings */; };
		A1000030 /* GlassTheme.swift in Sources */ = {isa = PBXBuildFile; fileRef = A2000030 /* GlassTheme.swift */; };
		A1000031 /* GlassBackgroundModifier.swift in Sources */ = {isa = PBXBuildFile; fileRef = A2000031 /* GlassBackgroundModifier.swift */; };
		A1000032 /* HoverEffectModifier.swift in Sources */ = {isa = PBXBuildFile; fileRef = A2000032 /* HoverEffectModifier.swift */; };
		A1000033 /* GlassCard.swift in Sources */ = {isa = PBXBuildFile; fileRef = A2000033 /* GlassCard.swift */; };
		A1000034 /* StorageModels.swift in Sources */ = {isa = PBXBuildFile; fileRef = A2000034 /* StorageModels.swift */; };
		A1000035 /* StorageMonitor.swift in Sources */ = {isa = PBXBuildFile; fileRef = A2000035 /* StorageMonitor.swift */; };
		A1000036 /* StorageViewModel.swift in Sources */ = {isa = PBXBuildFile; fileRef = A2000036 /* StorageViewModel.swift */; };
		A1000037 /* IOModels.swift in Sources */ = {isa = PBXBuildFile; fileRef = A2000037 /* IOModels.swift */; };
		A1000038 /* IOStatsCollector.swift in Sources */ = {isa = PBXBuildFile; fileRef = A2000038 /* IOStatsCollector.swift */; };
		A1000039 /* IOMonitorViewModel.swift in Sources */ = {isa = PBXBuildFile; fileRef = A2000039 /* IOMonitorViewModel.swift */; };
		A1000040 /* ConnectionManagerViewModel.swift in Sources */ = {isa = PBXBuildFile; fileRef = A2000040 /* ConnectionManagerViewModel.swift */; };
		A1000041 /* ConnectionManagerView.swift in Sources */ = {isa = PBXBuildFile; fileRef = A2000041 /* ConnectionManagerView.swift */; };
		A1000042 /* ConfigurationEditForm.swift in Sources */ = {isa = PBXBuildFile; fileRef = A2000042 /* ConfigurationEditForm.swift */; };
		A1000043 /* DashboardViewModel.swift in Sources */ = {isa = PBXBuildFile; fileRef = A2000043 /* DashboardViewModel.swift */; };
		A1000044 /* ColorContrast.swift in Sources */ = {isa = PBXBuildFile; fileRef = A2000044 /* ColorContrast.swift */; };
		A1000045 /* DashboardView.swift in Sources */ = {isa = PBXBuildFile; fileRef = A2000045 /* DashboardView.swift */; };
		A1000046 /* StorageChartView.swift in Sources */ = {isa = PBXBuildFile; fileRef = A2000046 /* StorageChartView.swift */; };
		A1000047 /* IOMonitorView.swift in Sources */ = {isa = PBXBuildFile; fileRef = A2000047 /* IOMonitorView.swift */; };
		A1000048 /* QuickActionsPanel.swift in Sources */ = {isa = PBXBuildFile; fileRef = A2000048 /* QuickActionsPanel.swift */; };
		A1000049 /* ConnectionCard.swift in Sources */ = {isa = PBXBuildFile; fileRef = A2000049 /* ConnectionCard.swift */; };
		A1000050 /* AdaptiveGrid.swift in Sources */ = {isa = PBXBuildFile; fileRef = A2000050 /* AdaptiveGrid.swift */; };
		A1000051 /* LayoutBreakpoint.swift in Sources */ = {isa = PBXBuildFile; fileRef = A2000051 /* LayoutBreakpoint.swift */; };
		A1000052 /* VoiceOverAnnouncer.swift in Sources */ = {isa = PBXBuildFile; fileRef = A2000052 /* VoiceOverAnnouncer.swift */; };
		A1000053 /* TabNavigationController.swift in Sources */ = {isa = PBXBuildFile; fileRef = A2000053 /* TabNavigationController.swift */; };
		A1000054 /* NavigationModels.swift in Sources */ = {isa = PBXBuildFile; fileRef = A2000054 /* NavigationModels.swift */; };
		A1000055 /* TabBadgeView.swift in Sources */ = {isa = PBXBuildFile; fileRef = A2000055 /* TabBadgeView.swift */; };
		A1000056 /* TabBarItem.swift in Sources */ = {isa = PBXBuildFile; fileRef = A2000056 /* TabBarItem.swift */; };
		A1000057 /* BottomTabBar.swift in Sources */ = {isa = PBXBuildFile; fileRef = A2000057 /* BottomTabBar.swift */; };
		A1000058 /* OverviewTabView.swift in Sources */ = {isa = PBXBuildFile; fileRef = A2000058 /* OverviewTabView.swift */; };
		A1000059 /* DiskConfigTabView.swift in Sources */ = {isa = PBXBuildFile; fileRef = A2000059 /* DiskConfigTabView.swift */; };
		A1000060 /* StorageTrendChart.swift in Sources */ = {isa = PBXBuildFile; fileRef = A2000060 /* StorageTrendChart.swift */; };
		A1000061 /* IOHistoryChart.swift in Sources */ = {isa = PBXBuildFile; fileRef = A2000061 /* IOHistoryChart.swift */; };
		A1000062 /* HealthGaugeChart.swift in Sources */ = {isa = PBXBuildFile; fileRef = A2000062 /* HealthGaugeChart.swift */; };
		A1000063 /* ChartModels.swift in Sources */ = {isa = PBXBuildFile; fileRef = A2000063 /* ChartModels.swift */; };
		A1000064 /* MainTabView.swift in Sources */ = {isa = PBXBuildFile; fileRef = A2000064 /* MainTabView.swift */; };
		A1000065 /* DiskInfoTabView.swift in Sources */ = {isa = PBXBuildFile; fileRef = A2000065 /* DiskInfoTabView.swift */; };
		A1000066 /* SystemConfigTabView.swift in Sources */ = {isa = PBXBuildFile; fileRef = A2000066 /* SystemConfigTabView.swift */; };
/* End PBXBuildFile section */

/* Begin PBXFileReference section */
		A2000001 /* LanMountApp.swift */ = {isa = PBXFileReference; lastKnownFileType = sourcecode.swift; path = LanMountApp.swift; sourceTree = "<group>"; };
		A2000002 /* ContentView.swift */ = {isa = PBXFileReference; lastKnownFileType = sourcecode.swift; path = ContentView.swift; sourceTree = "<group>"; };
		A2000003 /* Assets.xcassets */ = {isa = PBXFileReference; lastKnownFileType = folder.assetcatalog; path = Assets.xcassets; sourceTree = "<group>"; };
		A2000004 /* Models.swift */ = {isa = PBXFileReference; lastKnownFileType = sourcecode.swift; path = Models.swift; sourceTree = "<group>"; };
		A2000005 /* SMBMounterError.swift */ = {isa = PBXFileReference; lastKnownFileType = sourcecode.swift; path = SMBMounterError.swift; sourceTree = "<group>"; };
		A2000006 /* LanMount.entitlements */ = {isa = PBXFileReference; lastKnownFileType = text.plist.entitlements; path = LanMount.entitlements; sourceTree = "<group>"; };
		A2000007 /* CredentialManager.swift */ = {isa = PBXFileReference; lastKnownFileType = sourcecode.swift; path = CredentialManager.swift; sourceTree = "<group>"; };
		A2000008 /* ConfigurationStore.swift */ = {isa = PBXFileReference; lastKnownFileType = sourcecode.swift; path = ConfigurationStore.swift; sourceTree = "<group>"; };
		A2000009 /* NetFSAdapter.swift */ = {isa = PBXFileReference; lastKnownFileType = sourcecode.swift; path = NetFSAdapter.swift; sourceTree = "<group>"; };
		A2000010 /* LanMount-Bridging-Header.h */ = {isa = PBXFileReference; lastKnownFileType = sourcecode.c.h; path = "LanMount-Bridging-Header.h"; sourceTree = "<group>"; };
		A2000011 /* MountManager.swift */ = {isa = PBXFileReference; lastKnownFileType = sourcecode.swift; path = MountManager.swift; sourceTree = "<group>"; };
		A2000012 /* NetworkScanner.swift */ = {isa = PBXFileReference; lastKnownFileType = sourcecode.swift; path = NetworkScanner.swift; sourceTree = "<group>"; };
		A2000013 /* VolumeMonitor.swift */ = {isa = PBXFileReference; lastKnownFileType = sourcecode.swift; path = VolumeMonitor.swift; sourceTree = "<group>"; };
		A2000014 /* LaunchAgentManager.swift */ = {isa = PBXFileReference; lastKnownFileType = sourcecode.swift; path = LaunchAgentManager.swift; sourceTree = "<group>"; };
		A2000015 /* SyncEngine.swift */ = {isa = PBXFileReference; lastKnownFileType = sourcecode.swift; path = SyncEngine.swift; sourceTree = "<group>"; };
		A2000016 /* Logger.swift */ = {isa = PBXFileReference; lastKnownFileType = sourcecode.swift; path = Logger.swift; sourceTree = "<group>"; };
		A2000017 /* MenuBarController.swift */ = {isa = PBXFileReference; lastKnownFileType = sourcecode.swift; path = MenuBarController.swift; sourceTree = "<group>"; };
		A2000018 /* MountConfigView.swift */ = {isa = PBXFileReference; lastKnownFileType = sourcecode.swift; path = MountConfigView.swift; sourceTree = "<group>"; };
		A2000019 /* NetworkScannerView.swift */ = {isa = PBXFileReference; lastKnownFileType = sourcecode.swift; path = NetworkScannerView.swift; sourceTree = "<group>"; };
		A2000020 /* PreferencesView.swift */ = {isa = PBXFileReference; lastKnownFileType = sourcecode.swift; path = PreferencesView.swift; sourceTree = "<group>"; };
		A2000021 /* AppCoordinator.swift */ = {isa = PBXFileReference; lastKnownFileType = sourcecode.swift; path = AppCoordinator.swift; sourceTree = "<group>"; };
		A2000022 /* ErrorHandler.swift */ = {isa = PBXFileReference; lastKnownFileType = sourcecode.swift; path = ErrorHandler.swift; sourceTree = "<group>"; };
		A2000023 /* FinderIntegration.swift */ = {isa = PBXFileReference; lastKnownFileType = sourcecode.swift; path = FinderIntegration.swift; sourceTree = "<group>"; };
		A2000024 /* NotificationManager.swift */ = {isa = PBXFileReference; lastKnownFileType = sourcecode.swift; path = NotificationManager.swift; sourceTree = "<group>"; };
		A2000025 /* CacheManager.swift */ = {isa = PBXFileReference; lastKnownFileType = sourcecode.swift; path = CacheManager.swift; sourceTree = "<group>"; };
		A2000026 /* LocalizationHelper.swift */ = {isa = PBXFileReference; lastKnownFileType = sourcecode.swift; path = LocalizationHelper.swift; sourceTree = "<group>"; };
		A2000028 /* en */ = {isa = PBXFileReference; lastKnownFileType = text.plist.strings; name = en; path = en.lproj/Localizable.strings; sourceTree = "<group>"; };
		A2000029 /* zh-Hans */ = {isa = PBXFileReference; lastKnownFileType = text.plist.strings; name = "zh-Hans"; path = "zh-Hans.lproj/Localizable.strings"; sourceTree = "<group>"; };
		A2000030 /* GlassTheme.swift */ = {isa = PBXFileReference; lastKnownFileType = sourcecode.swift; path = GlassTheme.swift; sourceTree = "<group>"; };
		A2000031 /* GlassBackgroundModifier.swift */ = {isa = PBXFileReference; lastKnownFileType = sourcecode.swift; path = GlassBackgroundModifier.swift; sourceTree = "<group>"; };
		A2000032 /* HoverEffectModifier.swift */ = {isa = PBXFileReference; lastKnownFileType = sourcecode.swift; path = HoverEffectModifier.swift; sourceTree = "<group>"; };
		A2000033 /* GlassCard.swift */ = {isa = PBXFileReference; lastKnownFileType = sourcecode.swift; path = GlassCard.swift; sourceTree = "<group>"; };
		A2000034 /* StorageModels.swift */ = {isa = PBXFileReference; lastKnownFileType = sourcecode.swift; path = StorageModels.swift; sourceTree = "<group>"; };
		A2000035 /* StorageMonitor.swift */ = {isa = PBXFileReference; lastKnownFileType = sourcecode.swift; path = StorageMonitor.swift; sourceTree = "<group>"; };
		A2000036 /* StorageViewModel.swift */ = {isa = PBXFileReference; lastKnownFileType = sourcecode.swift; path = StorageViewModel.swift; sourceTree = "<group>"; };
		A2000037 /* IOModels.swift */ = {isa = PBXFileReference; lastKnownFileType = sourcecode.swift; path = IOModels.swift; sourceTree = "<group>"; };
		A2000038 /* IOStatsCollector.swift */ = {isa = PBXFileReference; lastKnownFileType = sourcecode.swift; path = IOStatsCollector.swift; sourceTree = "<group>"; };
		A2000039 /* IOMonitorViewModel.swift */ = {isa = PBXFileReference; lastKnownFileType = sourcecode.swift; path = IOMonitorViewModel.swift; sourceTree = "<group>"; };
		A2000040 /* ConnectionManagerViewModel.swift */ = {isa = PBXFileReference; lastKnownFileType = sourcecode.swift; path = ConnectionManagerViewModel.swift; sourceTree = "<group>"; };
		A2000041 /* ConnectionManagerView.swift */ = {isa = PBXFileReference; lastKnownFileType = sourcecode.swift; path = ConnectionManagerView.swift; sourceTree = "<group>"; };
		A2000042 /* ConfigurationEditForm.swift */ = {isa = PBXFileReference; lastKnownFileType = sourcecode.swift; path = ConfigurationEditForm.swift; sourceTree = "<group>"; };
		A2000043 /* DashboardViewModel.swift */ = {isa = PBXFileReference; lastKnownFileType = sourcecode.swift; path = DashboardViewModel.swift; sourceTree = "<group>"; };
		A2000044 /* ColorContrast.swift */ = {isa = PBXFileReference; lastKnownFileType = sourcecode.swift; path = ColorContrast.swift; sourceTree = "<group>"; };
		A2000045 /* DashboardView.swift */ = {isa = PBXFileReference; lastKnownFileType = sourcecode.swift; path = DashboardView.swift; sourceTree = "<group>"; };
		A2000046 /* StorageChartView.swift */ = {isa = PBXFileReference; lastKnownFileType = sourcecode.swift; path = StorageChartView.swift; sourceTree = "<group>"; };
		A2000047 /* IOMonitorView.swift */ = {isa = PBXFileReference; lastKnownFileType = sourcecode.swift; path = IOMonitorView.swift; sourceTree = "<group>"; };
		A2000048 /* QuickActionsPanel.swift */ = {isa = PBXFileReference; lastKnownFileType = sourcecode.swift; path = QuickActionsPanel.swift; sourceTree = "<group>"; };
		A2000049 /* ConnectionCard.swift */ = {isa = PBXFileReference; lastKnownFileType = sourcecode.swift; path = ConnectionCard.swift; sourceTree = "<group>"; };
		A2000050 /* AdaptiveGrid.swift */ = {isa = PBXFileReference; lastKnownFileType = sourcecode.swift; path = AdaptiveGrid.swift; sourceTree = "<group>"; };
		A2000051 /* LayoutBreakpoint.swift */ = {isa = PBXFileReference; lastKnownFileType = sourcecode.swift; path = LayoutBreakpoint.swift; sourceTree = "<group>"; };
		A2000052 /* VoiceOverAnnouncer.swift */ = {isa = PBXFileReference; lastKnownFileType = sourcecode.swift; path = VoiceOverAnnouncer.swift; sourceTree = "<group>"; };
		A2000053 /* TabNavigationController.swift */ = {isa = PBXFileReference; lastKnownFileType = sourcecode.swift; path = TabNavigationController.swift; sourceTree = "<group>"; };
		A2000054 /* NavigationModels.swift */ = {isa = PBXFileReference; lastKnownFileType = sourcecode.swift; path = NavigationModels.swift; sourceTree = "<group>"; };
		A2000055 /* TabBadgeView.swift */ = {isa = PBXFileReference; lastKnownFileType = sourcecode.swift; path = TabBadgeView.swift; sourceTree = "<group>"; };
		A2000056 /* TabBarItem.swift */ = {isa = PBXFileReference; lastKnownFileType = sourcecode.swift; path = TabBarItem.swift; sourceTree = "<group>"; };
		A2000057 /* BottomTabBar.swift */ = {isa = PBXFileReference; lastKnownFileType = sourcecode.swift; path = BottomTabBar.swift; sourceTree = "<group>"; };
		A2000058 /* OverviewTabView.swift */ = {isa = PBXFileReference; lastKnownFileType = sourcecode.swift; path = OverviewTabView.swift; sourceTree = "<group>"; };
		A2000059 /* DiskConfigTabView.swift */ = {isa = PBXFileReference; lastKnownFileType = sourcecode.swift; path = DiskConfigTabView.swift; sourceTree = "<group>"; };
		A2000060 /* StorageTrendChart.swift */ = {isa = PBXFileReference; lastKnownFileType = sourcecode.swift; path = StorageTrendChart.swift; sourceTree = "<group>"; };
		A2000061 /* IOHistoryChart.swift */ = {isa = PBXFileReference; lastKnownFileType = sourcecode.swift; path = IOHistoryChart.swift; sourceTree = "<group>"; };
		A2000062 /* HealthGaugeChart.swift */ = {isa = PBXFileReference; lastKnownFileType = sourcecode.swift; path = HealthGaugeChart.swift; sourceTree = "<group>"; };
		A2000063 /* ChartModels.swift */ = {isa = PBXFileReference; lastKnownFileType = sourcecode.swift; path = ChartModels.swift; sourceTree = "<group>"; };
		A2000064 /* MainTabView.swift */ = {isa = PBXFileReference; lastKnownFileType = sourcecode.swift; path = MainTabView.swift; sourceTree = "<group>"; };
		A2000065 /* DiskInfoTabView.swift */ = {isa = PBXFileReference; lastKnownFileType = sourcecode.swift; path = DiskInfoTabView.swift; sourceTree = "<group>"; };
		A2000066 /* SystemConfigTabView.swift */ = {isa = PBXFileReference; lastKnownFileType = sourcecode.swift; path = SystemConfigTabView.swift; sourceTree = "<group>"; };
		A3000001 /* LanMount.app */ = {isa = PBXFileReference; explicitFileType = wrapper.application; includeInIndex = 0; path = LanMount.app; sourceTree = BUILT_PRODUCTS_DIR; };
/* End PBXFileReference section */

/* Begin PBXFrameworksBuildPhase section */
		A4000001 /* Frameworks */ = {
			isa = PBXFrameworksBuildPhase;
			buildActionMask = 2147483647;
			files = (
			);
			runOnlyForDeploymentPostprocessing = 0;
		};
/* End PBXFrameworksBuildPhase section */

/* Begin PBXGroup section */
		A5000001 = {
			isa = PBXGroup;
			children = (
				A5000002 /* LanMount */,
				A5000003 /* Products */,
			);
			sourceTree = "<group>";
		};
		A5000002 /* LanMount */ = {
			isa = PBXGroup;
			children = (
				A2000001 /* LanMountApp.swift */,
				A2000002 /* ContentView.swift */,
				A5000004 /* Models */,
				A5000005 /* Services */,
				A5000012 /* ViewModels */,
				A5000006 /* Controllers */,
				A5000008 /* Coordinators */,
				A5000007 /* Views */,
				A5000010 /* Theme */,
				A5000009 /* Resources */,
				A2000003 /* Assets.xcassets */,
				A2000006 /* LanMount.entitlements */,
				A2000010 /* LanMount-Bridging-Header.h */,
			);
			path = LanMount;
			sourceTree = "<group>";
		};
		A5000003 /* Products */ = {
			isa = PBXGroup;
			children = (
				A3000001 /* LanMount.app */,
			);
			name = Products;
			sourceTree = "<group>";
		};
		A5000004 /* Models */ = {
			isa = PBXGroup;
			children = (
				A2000004 /* Models.swift */,
				A2000005 /* SMBMounterError.swift */,
				A2000034 /* StorageModels.swift */,
				A2000037 /* IOModels.swift */,
				A2000054 /* NavigationModels.swift */,
				A2000063 /* ChartModels.swift */,
			);
			path = Models;
			sourceTree = "<group>";
		};
		A5000005 /* Services */ = {
			isa = PBXGroup;
			children = (
				A2000007 /* CredentialManager.swift */,
				A2000008 /* ConfigurationStore.swift */,
				A2000009 /* NetFSAdapter.swift */,
				A2000011 /* MountManager.swift */,
				A2000012 /* NetworkScanner.swift */,
				A2000013 /* VolumeMonitor.swift */,
				A2000014 /* LaunchAgentManager.swift */,
				A2000015 /* SyncEngine.swift */,
				A2000016 /* Logger.swift */,
				A2000022 /* ErrorHandler.swift */,
				A2000023 /* FinderIntegration.swift */,
				A2000024 /* NotificationManager.swift */,
				A2000025 /* CacheManager.swift */,
				A2000026 /* LocalizationHelper.swift */,
				A2000035 /* StorageMonitor.swift */,
				A2000038 /* IOStatsCollector.swift */,
				A2000052 /* VoiceOverAnnouncer.swift */,
			);
			path = Services;
			sourceTree = "<group>";
		};
		A5000006 /* Controllers */ = {
			isa = PBXGroup;
			children = (
				A2000017 /* MenuBarController.swift */,
			);
			path = Controllers;
			sourceTree = "<group>";
		};
		A5000007 /* Views */ = {
			isa = PBXGroup;
			children = (
				A5000011 /* Components */,
				A5000013 /* Charts */,
				A5000014 /* Tabs */,
				A2000018 /* MountConfigView.swift */,
				A2000019 /* NetworkScannerView.swift */,
				A2000020 /* PreferencesView.swift */,
				A2000041 /* ConnectionManagerView.swift */,
				A2000042 /* ConfigurationEditForm.swift */,
				A2000045 /* DashboardView.swift */,
				A2000064 /* MainTabView.swift */,
			);
			path = Views;
			sourceTree = "<group>";
		};
		A5000008 /* Coordinators */ = {
			isa = PBXGroup;
			children = (
				A2000021 /* AppCoordinator.swift */,
			);
			path = Coordinators;
			sourceTree = "<group>";
		};
		A5000009 /* Resources */ = {
			isa = PBXGroup;
			children = (
				A2000027 /* Localizable.strings */,
			);
			path = Resources;
			sourceTree = "<group>";
		};
		A5000010 /* Theme */ = {
			isa = PBXGroup;
			children = (
				A2000030 /* GlassTheme.swift */,
				A2000031 /* GlassBackgroundModifier.swift */,
				A2000032 /* HoverEffectModifier.swift */,
				A2000044 /* ColorContrast.swift */,
				A2000051 /* LayoutBreakpoint.swift */,
			);
			path = Theme;
			sourceTree = "<group>";
		};
		A5000011 /* Components */ = {
			isa = PBXGroup;
			children = (
				A2000033 /* GlassCard.swift */,
				A2000048 /* QuickActionsPanel.swift */,
				A2000049 /* ConnectionCard.swift */,
				A2000050 /* AdaptiveGrid.swift */,
				A2000055 /* TabBadgeView.swift */,
				A2000056 /* TabBarItem.swift */,
				A2000057 /* BottomTabBar.swift */,
			);
			path = Components;
			sourceTree = "<group>";
		};
		A5000012 /* ViewModels */ = {
			isa = PBXGroup;
			children = (
				A2000036 /* StorageViewModel.swift */,
				A2000039 /* IOMonitorViewModel.swift */,
				A2000040 /* ConnectionManagerViewModel.swift */,
				A2000043 /* DashboardViewModel.swift */,
				A2000053 /* TabNavigationController.swift */,
			);
			path = ViewModels;
			sourceTree = "<group>";
		};
		A5000013 /* Charts */ = {
			isa = PBXGroup;
			children = (
				A2000046 /* StorageChartView.swift */,
				A2000047 /* IOMonitorView.swift */,
				A2000060 /* StorageTrendChart.swift */,
				A2000061 /* IOHistoryChart.swift */,
				A2000062 /* HealthGaugeChart.swift */,
			);
			path = Charts;
			sourceTree = "<group>";
		};
		A5000014 /* Tabs */ = {
			isa = PBXGroup;
			children = (
				A2000058 /* OverviewTabView.swift */,
				A2000059 /* DiskConfigTabView.swift */,
				A2000065 /* DiskInfoTabView.swift */,
				A2000066 /* SystemConfigTabView.swift */,
			);
			path = Tabs;
			sourceTree = "<group>";
		};
/* End PBXGroup section */

/* Begin PBXNativeTarget section */
		A6000001 /* LanMount */ = {
			isa = PBXNativeTarget;
			buildConfigurationList = A7000001 /* Build configuration list for PBXNativeTarget "LanMount" */;
			buildPhases = (
				A8000001 /* Sources */,
				A4000001 /* Frameworks */,
				A9000001 /* Resources */,
			);
			buildRules = (
			);
			dependencies = (
			);
			name = LanMount;
			productName = LanMount;
			productReference = A3000001 /* LanMount.app */;
			productType = "com.apple.product-type.application";
		};
/* End PBXNativeTarget section */

/* Begin PBXProject section */
		AA000001 /* Project object */ = {
			isa = PBXProject;
			attributes = {
				BuildIndependentTargetsInParallel = 1;
				LastSwiftUpdateCheck = 1500;
				LastUpgradeCheck = 1500;
				TargetAttributes = {
					A6000001 = {
						CreatedOnToolsVersion = 15.0;
					};
				};
			};
			buildConfigurationList = AB000001 /* Build configuration list for PBXProject "LanMount" */;
			compatibilityVersion = "Xcode 14.0";
			developmentRegion = en;
			hasScannedForEncodings = 0;
			knownRegions = (
				en,
				Base,
				"zh-Hans",
			);
			mainGroup = A5000001;
			productRefGroup = A5000003 /* Products */;
			projectDirPath = "";
			projectRoot = "";
			targets = (
				A6000001 /* LanMount */,
			);
		};
/* End PBXProject section */

/* Begin PBXResourcesBuildPhase section */
		A9000001 /* Resources */ = {
			isa = PBXResourcesBuildPhase;
			buildActionMask = 2147483647;
			files = (
				A1000003 /* Assets.xcassets in Resources */,
				A1000026 /* Localizable.strings in Resources */,
			);
			runOnlyForDeploymentPostprocessing = 0;
		};
/* End PBXResourcesBuildPhase section */

/* Begin PBXSourcesBuildPhase section */
		A8000001 /* Sources */ = {
			isa = PBXSourcesBuildPhase;
			buildActionMask = 2147483647;
			files = (
				A1000001 /* LanMountApp.swift in Sources */,
				A1000002 /* ContentView.swift in Sources */,
				A1000004 /* Models.swift in Sources */,
				A1000005 /* SMBMounterError.swift in Sources */,
				A1000006 /* CredentialManager.swift in Sources */,
				A1000008 /* ConfigurationStore.swift in Sources */,
				A1000009 /* NetFSAdapter.swift in Sources */,
				A1000010 /* MountManager.swift in Sources */,
				A1000011 /* NetworkScanner.swift in Sources */,
				A1000012 /* VolumeMonitor.swift in Sources */,
				A1000013 /* LaunchAgentManager.swift in Sources */,
				A1000014 /* SyncEngine.swift in Sources */,
				A1000015 /* Logger.swift in Sources */,
				A1000016 /* MenuBarController.swift in Sources */,
				A1000017 /* MountConfigView.swift in Sources */,
				A1000018 /* NetworkScannerView.swift in Sources */,
				A1000019 /* PreferencesView.swift in Sources */,
				A1000020 /* AppCoordinator.swift in Sources */,
				A1000021 /* ErrorHandler.swift in Sources */,
				A1000022 /* FinderIntegration.swift in Sources */,
				A1000023 /* NotificationManager.swift in Sources */,
				A1000024 /* CacheManager.swift in Sources */,
				A1000025 /* LocalizationHelper.swift in Sources */,
				A1000030 /* GlassTheme.swift in Sources */,
				A1000031 /* GlassBackgroundModifier.swift in Sources */,
				A1000032 /* HoverEffectModifier.swift in Sources */,
				A1000033 /* GlassCard.swift in Sources */,
				A1000034 /* StorageModels.swift in Sources */,
				A1000035 /* StorageMonitor.swift in Sources */,
				A1000036 /* StorageViewModel.swift in Sources */,
				A1000037 /* IOModels.swift in Sources */,
				A1000038 /* IOStatsCollector.swift in Sources */,
				A1000039 /* IOMonitorViewModel.swift in Sources */,
				A1000040 /* ConnectionManagerViewModel.swift in Sources */,
				A1000041 /* ConnectionManagerView.swift in Sources */,
				A1000042 /* ConfigurationEditForm.swift in Sources */,
				A1000043 /* DashboardViewModel.swift in Sources */,
				A1000044 /* ColorContrast.swift in Sources */,
				A1000045 /* DashboardView.swift in Sources */,
				A1000046 /* StorageChartView.swift in Sources */,
				A1000047 /* IOMonitorView.swift in Sources */,
				A1000048 /* QuickActionsPanel.swift in Sources */,
				A1000049 /* ConnectionCard.swift in Sources */,
				A1000050 /* AdaptiveGrid.swift in Sources */,
				A1000051 /* LayoutBreakpoint.swift in Sources */,
				A1000052 /* VoiceOverAnnouncer.swift in Sources */,
				A1000053 /* TabNavigationController.swift in Sources */,
				A1000054 /* NavigationModels.swift in Sources */,
				A1000055 /* TabBadgeView.swift in Sources */,
				A1000056 /* TabBarItem.swift in Sources */,
				A1000057 /* BottomTabBar.swift in Sources */,
				A1000058 /* OverviewTabView.swift in Sources */,
				A1000059 /* DiskConfigTabView.swift in Sources */,
				A1000065 /* DiskInfoTabView.swift in Sources */,
				A1000066 /* SystemConfigTabView.swift in Sources */,
				A1000060 /* StorageTrendChart.swift in Sources */,
				A1000061 /* IOHistoryChart.swift in Sources */,
				A1000062 /* HealthGaugeChart.swift in Sources */,
				A1000063 /* ChartModels.swift in Sources */,
				A1000064 /* MainTabView.swift in Sources */,
			);
			runOnlyForDeploymentPostprocessing = 0;
		};
/* End PBXSourcesBuildPhase section */

/* Begin PBXVariantGroup section */
		A2000027 /* Localizable.strings */ = {
			isa = PBXVariantGroup;
			children = (
				A2000028 /* en */,
				A2000029 /* zh-Hans */,
			);
			name = Localizable.strings;
			sourceTree = "<group>";
		};
/* End PBXVariantGroup section */

/* Begin XCBuildConfiguration section */
		AC000001 /* Debug */ = {
			isa = XCBuildConfiguration;
			buildSettings = {
				ALWAYS_SEARCH_USER_PATHS = NO;
				ASSETCATALOG_COMPILER_GENERATE_SWIFT_ASSET_SYMBOL_EXTENSIONS = YES;
				CLANG_ANALYZER_NONNULL = YES;
				CLANG_ANALYZER_NUMBER_OBJECT_CONVERSION = YES_AGGRESSIVE;
				CLANG_CXX_LANGUAGE_STANDARD = "gnu++20";
				CLANG_ENABLE_MODULES = YES;
				CLANG_ENABLE_OBJC_ARC = YES;
				CLANG_ENABLE_OBJC_WEAK = YES;
				CLANG_WARN_BLOCK_CAPTURE_AUTORELEASING = YES;
				CLANG_WARN_BOOL_CONVERSION = YES;
				CLANG_WARN_COMMA = YES;
				CLANG_WARN_CONSTANT_CONVERSION = YES;
				CLANG_WARN_DEPRECATED_OBJC_IMPLEMENTATIONS = YES;
				CLANG_WARN_DIRECT_OBJC_ISA_USAGE = YES_ERROR;
				CLANG_WARN_DOCUMENTATION_COMMENTS = YES;
				CLANG_WARN_EMPTY_BODY = YES;
				CLANG_WARN_ENUM_CONVERSION = YES;
				CLANG_WARN_INFINITE_RECURSION = YES;
				CLANG_WARN_INT_CONVERSION = YES;
				CLANG_WARN_NON_LITERAL_NULL_CONVERSION = YES;
				CLANG_WARN_OBJC_IMPLICIT_RETAIN_SELF = YES;
				CLANG_WARN_OBJC_LITERAL_CONVERSION = YES;
				CLANG_WARN_OBJC_ROOT_CLASS = YES_ERROR;
				CLANG_WARN_QUOTED_INCLUDE_IN_FRAMEWORK_HEADER = YES;
				CLANG_WARN_RANGE_LOOP_ANALYSIS = YES;
				CLANG_WARN_STRICT_PROTOTYPES = YES;
				CLANG_WARN_SUSPICIOUS_MOVE = YES;
				CLANG_WARN_UNGUARDED_AVAILABILITY = YES_AGGRESSIVE;
				CLANG_WARN_UNREACHABLE_CODE = YES;
				CLANG_WARN__DUPLICATE_METHOD_MATCH = YES;
				COPY_PHASE_STRIP = NO;
				DEBUG_INFORMATION_FORMAT = dwarf;
				ENABLE_STRICT_OBJC_MSGSEND = YES;
				ENABLE_TESTABILITY = YES;
				ENABLE_USER_SCRIPT_SANDBOXING = YES;
				GCC_C_LANGUAGE_STANDARD = gnu17;
				GCC_DYNAMIC_NO_PIC = NO;
				GCC_NO_COMMON_BLOCKS = YES;
				GCC_OPTIMIZATION_LEVEL = 0;
				GCC_PREPROCESSOR_DEFINITIONS = (
					"DEBUG=1",
					"$(inherited)",
				);
				GCC_WARN_64_TO_32_BIT_CONVERSION = YES;
				GCC_WARN_ABOUT_RETURN_TYPE = YES_ERROR;
				GCC_WARN_UNDECLARED_SELECTOR = YES;
				GCC_WARN_UNINITIALIZED_AUTOS = YES_AGGRESSIVE;
				GCC_WARN_UNUSED_FUNCTION = YES;
				GCC_WARN_UNUSED_VARIABLE = YES;
				MACOSX_DEPLOYMENT_TARGET = 12.0;
				MTL_ENABLE_DEBUG_INFO = INCLUDE_SOURCE;
				MTL_FAST_MATH = YES;
				ONLY_ACTIVE_ARCH = YES;
				SDKROOT = macosx;
				SWIFT_ACTIVE_COMPILATION_CONDITIONS = "DEBUG $(inherited)";
				SWIFT_OPTIMIZATION_LEVEL = "-Onone";
			};
			name = Debug;
		};
		AC000002 /* Release */ = {
			isa = XCBuildConfiguration;
			buildSettings = {
				ALWAYS_SEARCH_USER_PATHS = NO;
				ASSETCATALOG_COMPILER_GENERATE_SWIFT_ASSET_SYMBOL_EXTENSIONS = YES;
				CLANG_ANALYZER_NONNULL = YES;
				CLANG_ANALYZER_NUMBER_OBJECT_CONVERSION = YES_AGGRESSIVE;
				CLANG_CXX_LANGUAGE_STANDARD = "gnu++20";
				CLANG_ENABLE_MODULES = YES;
				CLANG_ENABLE_OBJC_ARC = YES;
				CLANG_ENABLE_OBJC_WEAK = YES;
				CLANG_WARN_BLOCK_CAPTURE_AUTORELEASING = YES;
				CLANG_WARN_BOOL_CONVERSION = YES;
				CLANG_WARN_COMMA = YES;
				CLANG_WARN_CONSTANT_CONVERSION = YES;
				CLANG_WARN_DEPRECATED_OBJC_IMPLEMENTATIONS = YES;
				CLANG_WARN_DIRECT_OBJC_ISA_USAGE = YES_ERROR;
				CLANG_WARN_DOCUMENTATION_COMMENTS = YES;
				CLANG_WARN_EMPTY_BODY = YES;
				CLANG_WARN_ENUM_CONVERSION = YES;
				CLANG_WARN_INFINITE_RECURSION = YES;
				CLANG_WARN_INT_CONVERSION = YES;
				CLANG_WARN_NON_LITERAL_NULL_CONVERSION = YES;
				CLANG_WARN_OBJC_IMPLICIT_RETAIN_SELF = YES;
				CLANG_WARN_OBJC_LITERAL_CONVERSION = YES;
				CLANG_WARN_OBJC_ROOT_CLASS = YES_ERROR;
				CLANG_WARN_QUOTED_INCLUDE_IN_FRAMEWORK_HEADER = YES;
				CLANG_WARN_RANGE_LOOP_ANALYSIS = YES;
				CLANG_WARN_STRICT_PROTOTYPES = YES;
				CLANG_WARN_SUSPICIOUS_MOVE = YES;
				CLANG_WARN_UNGUARDED_AVAILABILITY = YES_AGGRESSIVE;
				CLANG_WARN_UNREACHABLE_CODE = YES;
				CLANG_WARN__DUPLICATE_METHOD_MATCH = YES;
				COPY_PHASE_STRIP = NO;
				DEBUG_INFORMATION_FORMAT = "dwarf-with-dsym";
				ENABLE_NS_ASSERTIONS = NO;
				ENABLE_STRICT_OBJC_MSGSEND = YES;
				ENABLE_USER_SCRIPT_SANDBOXING = YES;
				GCC_C_LANGUAGE_STANDARD = gnu17;
				GCC_NO_COMMON_BLOCKS = YES;
				GCC_WARN_64_TO_32_BIT_CONVERSION = YES;
				GCC_WARN_ABOUT_RETURN_TYPE = YES_ERROR;
				GCC_WARN_UNDECLARED_SELECTOR = YES;
				GCC_WARN_UNINITIALIZED_AUTOS = YES_AGGRESSIVE;
				GCC_WARN_UNUSED_FUNCTION = YES;
				GCC_WARN_UNUSED_VARIABLE = YES;
				MACOSX_DEPLOYMENT_TARGET = 12.0;
				MTL_ENABLE_DEBUG_INFO = NO;
				MTL_FAST_MATH = YES;
				SDKROOT = macosx;
				SWIFT_COMPILATION_MODE = wholemodule;
			};
			name = Release;
		};
		AD000001 /* Debug */ = {
			isa = XCBuildConfiguration;
			buildSettings = {
				ARCHS = "$(ARCHS_STANDARD)";
				ASSETCATALOG_COMPILER_APPICON_NAME = AppIcon;
				ASSETCATALOG_COMPILER_GLOBAL_ACCENT_COLOR_NAME = AccentColor;
				CODE_SIGN_ENTITLEMENTS = LanMount/LanMount.entitlements;
				CODE_SIGN_IDENTITY = "-";
				"CODE_SIGN_IDENTITY[sdk=macosx*]" = "Apple Development";
				CODE_SIGN_STYLE = Automatic;
				COMBINE_HIDPI_IMAGES = YES;
				CURRENT_PROJECT_VERSION = 202601311746;
				DEVELOPMENT_ASSET_PATHS = "";
				DEVELOPMENT_TEAM = UQ2B5G4SJN;
				ENABLE_HARDENED_RUNTIME = YES;
				ENABLE_PREVIEWS = YES;
				GENERATE_INFOPLIST_FILE = YES;
				INFOPLIST_KEY_LSApplicationCategoryType = "public.app-category.utilities";
				INFOPLIST_KEY_LSUIElement = YES;
				INFOPLIST_KEY_NSHumanReadableCopyright = "Copyright © 2024 LanMount. All rights reserved.";
				LD_RUNPATH_SEARCH_PATHS = (
					"$(inherited)",
					"@executable_path/../Frameworks",
				);
				MARKETING_VERSION = 1.0;
				PRODUCT_BUNDLE_IDENTIFIER = com.lanmount.app;
				PRODUCT_NAME = "$(TARGET_NAME)";
				PROVISIONING_PROFILE_SPECIFIER = "";
				SWIFT_EMIT_LOC_STRINGS = YES;
				SWIFT_OBJC_BRIDGING_HEADER = "LanMount/LanMount-Bridging-Header.h";
				SWIFT_VERSION = 5.0;
			};
			name = Debug;
		};
		AD000002 /* Release */ = {
			isa = XCBuildConfiguration;
			buildSettings = {
				ARCHS = "$(ARCHS_STANDARD)";
				ASSETCATALOG_COMPILER_APPICON_NAME = AppIcon;
				ASSETCATALOG_COMPILER_GLOBAL_ACCENT_COLOR_NAME = AccentColor;
				CODE_SIGN_ENTITLEMENTS = LanMount/LanMount.entitlements;
				CODE_SIGN_IDENTITY = "Apple Development";
				"CODE_SIGN_IDENTITY[sdk=macosx*]" = "Apple Development";
				CODE_SIGN_STYLE = Automatic;
				COMBINE_HIDPI_IMAGES = YES;
				CURRENT_PROJECT_VERSION = 202601311746;
				DEVELOPMENT_ASSET_PATHS = "";
				DEVELOPMENT_TEAM = UQ2B5G4SJN;
				ENABLE_HARDENED_RUNTIME = YES;
				ENABLE_PREVIEWS = YES;
				GENERATE_INFOPLIST_FILE = YES;
				INFOPLIST_KEY_LSApplicationCategoryType = "public.app-category.utilities";
				INFOPLIST_KEY_LSUIElement = YES;
				INFOPLIST_KEY_NSHumanReadableCopyright = "Copyright © 2024 LanMount. All rights reserved.";
				LD_RUNPATH_SEARCH_PATHS = (
					"$(inherited)",
					"@executable_path/../Frameworks",
				);
				MARKETING_VERSION = 1.0;
				PRODUCT_BUNDLE_IDENTIFIER = com.lanmount.app;
				PRODUCT_NAME = "$(TARGET_NAME)";
				PROVISIONING_PROFILE_SPECIFIER = "";
				SWIFT_EMIT_LOC_STRINGS = YES;
				SWIFT_OBJC_BRIDGING_HEADER = "LanMount/LanMount-Bridging-Header.h";
				SWIFT_VERSION = 5.0;
			};
			name = Release;
		};
/* End XCBuildConfiguration section */

/* Begin XCConfigurationList section */
		A7000001 /* Build configuration list for PBXNativeTarget "LanMount" */ = {
			isa = XCConfigurationList;
			buildConfigurations = (
				AD000001 /* Debug */,
				AD000002 /* Release */,
			);
			defaultConfigurationIsVisible = 0;
			defaultConfigurationName = Release;
		};
		AB000001 /* Build configuration list for PBXProject "LanMount" */ = {
			isa = XCConfigurationList;
			buildConfigurations = (
				AC000001 /* Debug */,
				AC000002 /* Release */,
			);
			defaultConfigurationIsVisible = 0;
			defaultConfigurationName = Release;
		};
/* End XCConfigurationList section */
	};
	rootObject = AA000001 /* Project object */;
}
